
Microsoft Visual Studio Solution File, Format Version 12.00
# Visual Studio 15
VisualStudioVersion = 15.0.28307.271
MinimumVisualStudioVersion = 10.0.40219.1
Project("{9092AA53-FB77-4645-B42D-1CCCA6BD08BD}") = "MS-Graph-Bot", "MS-Graph-Bot.njsproj", "{61BA02E8-6C6A-4C13-AD82-38DA43A0D4AE}"
EndProject
Global
	GlobalSection(SolutionConfigurationPlatforms) = preSolution
		Debug|Any CPU = Debug|Any CPU
		Release|Any CPU = Release|Any CPU
	EndGlobalSection
	GlobalSection(ProjectConfigurationPlatforms) = postSolution
		{61BA02E8-6C6A-4C13-AD82-38DA43A0D4AE}.Debug|Any CPU.ActiveCfg = Debug|Any CPU
		{61BA02E8-6C6A-4C13-AD82-38DA43A0D4AE}.Debug|Any CPU.Build.0 = Debug|Any CPU
		{61BA02E8-6C6A-4C13-AD82-38DA43A0D4AE}.Release|Any CPU.ActiveCfg = Release|Any CPU
		{61BA02E8-6C6A-4C13-AD82-38DA43A0D4AE}.Release|Any CPU.Build.0 = Release|Any CPU
	EndGlobalSection
	GlobalSection(SolutionProperties) = preSolution
		HideSolutionNode = FALSE
	EndGlobalSection
	GlobalSection(ExtensibilityGlobals) = postSolution
		SolutionGuid = {770AE1F5-6A84-473E-B749-622EDD0F3ECF}
	EndGlobalSection
EndGlobal
